
Microsoft Visual Studio Solution File, Format Version 12.00
# Visual Studio 14
VisualStudioVersion = 14.0.24720.0
MinimumVisualStudioVersion = 10.0.40219.1
Project("{FAE04EC0-301F-11D3-BF4B-00C04F79EFBC}") = "Naive Bayes", "Naive Bayes\Naive Bayes.csproj", "{4A0018AD-82C8-4971-8EF8-5153847FACE7}"
EndProject
Project("{888888A0-9F3D-457C-B088-3A5042F75D52}") = "NaiveBayesPy", "NaiveBayesPy\NaiveBayesPy.pyproj", "{6BDB6A49-DF27-4755-8BE0-0FE7F00FB8A1}"
EndProject
Project("{8BB2217D-0F2D-49D1-97BC-3654ED321F3B}") = "NaiveBayesWeb", "NaiveBayesWeb\NaiveBayesWeb.xproj", "{25149821-D031-47EE-B0C5-FB522038DED6}"
EndProject
Global
	GlobalSection(SolutionConfigurationPlatforms) = preSolution
		Debug|Any CPU = Debug|Any CPU
		Release|Any CPU = Release|Any CPU
	EndGlobalSection
	GlobalSection(ProjectConfigurationPlatforms) = postSolution
		{4A0018AD-82C8-4971-8EF8-5153847FACE7}.Debug|Any CPU.ActiveCfg = Debug|Any CPU
		{4A0018AD-82C8-4971-8EF8-5153847FACE7}.Debug|Any CPU.Build.0 = Debug|Any CPU
		{4A0018AD-82C8-4971-8EF8-5153847FACE7}.Release|Any CPU.ActiveCfg = Release|Any CPU
		{4A0018AD-82C8-4971-8EF8-5153847FACE7}.Release|Any CPU.Build.0 = Release|Any CPU
		{6BDB6A49-DF27-4755-8BE0-0FE7F00FB8A1}.Debug|Any CPU.ActiveCfg = Debug|Any CPU
		{6BDB6A49-DF27-4755-8BE0-0FE7F00FB8A1}.Release|Any CPU.ActiveCfg = Release|Any CPU
		{25149821-D031-47EE-B0C5-FB522038DED6}.Debug|Any CPU.ActiveCfg = Debug|Any CPU
		{25149821-D031-47EE-B0C5-FB522038DED6}.Debug|Any CPU.Build.0 = Debug|Any CPU
		{25149821-D031-47EE-B0C5-FB522038DED6}.Release|Any CPU.ActiveCfg = Release|Any CPU
		{25149821-D031-47EE-B0C5-FB522038DED6}.Release|Any CPU.Build.0 = Release|Any CPU
	EndGlobalSection
	GlobalSection(SolutionProperties) = preSolution
		HideSolutionNode = FALSE
	EndGlobalSection
EndGlobal
